
Microsoft Visual Studio Solution File, Format Version 12.00
# Visual Studio Version 17
VisualStudioVersion = 17.8.34330.188
MinimumVisualStudioVersion = 10.0.40219.1
Project("{FAE04EC0-301F-11D3-BF4B-00C04F79EFBC}") = "WPF-BlurImage", "WPF-BlurImage.csproj", "{50EFA445-8CB8-4D83-A6B4-AB40BA297A38}"
EndProject
Global
	GlobalSection(SolutionConfigurationPlatforms) = preSolution
		Debug|Any CPU = Debug|Any CPU
		Release|Any CPU = Release|Any CPU
	EndGlobalSection
	GlobalSection(ProjectConfigurationPlatforms) = postSolution
		{50EFA445-8CB8-4D83-A6B4-AB40BA297A38}.Debug|Any CPU.ActiveCfg = Debug|Any CPU
		{50EFA445-8CB8-4D83-A6B4-AB40BA297A38}.Debug|Any CPU.Build.0 = Debug|Any CPU
		{50EFA445-8CB8-4D83-A6B4-AB40BA297A38}.Release|Any CPU.ActiveCfg = Release|Any CPU
		{50EFA445-8CB8-4D83-A6B4-AB40BA297A38}.Release|Any CPU.Build.0 = Release|Any CPU
	EndGlobalSection
	GlobalSection(SolutionProperties) = preSolution
		HideSolutionNode = FALSE
	EndGlobalSection
	GlobalSection(ExtensibilityGlobals) = postSolution
		SolutionGuid = {89070C79-F0C7-40E6-91BA-8394BD642936}
	EndGlobalSection
EndGlobal
